
Microsoft Visual Studio Solution File, Format Version 12.00
# Visual Studio Version 17
VisualStudioVersion = 17.8.34309.116
MinimumVisualStudioVersion = 10.0.40219.1
Project("{FAE04EC0-301F-11D3-BF4B-00C04F79EFBC}") = "MaxEdu", "MaxEdu.csproj", "{20D82ADF-BD37-4CE8-984B-5971DB29E9EA}"
EndProject
Global
	GlobalSection(SolutionConfigurationPlatforms) = preSolution
		Debug|Any CPU = Debug|Any CPU
		Release|Any CPU = Release|Any CPU
	EndGlobalSection
	GlobalSection(ProjectConfigurationPlatforms) = postSolution
		{20D82ADF-BD37-4CE8-984B-5971DB29E9EA}.Debug|Any CPU.ActiveCfg = Debug|Any CPU
		{20D82ADF-BD37-4CE8-984B-5971DB29E9EA}.Debug|Any CPU.Build.0 = Debug|Any CPU
		{20D82ADF-BD37-4CE8-984B-5971DB29E9EA}.Release|Any CPU.ActiveCfg = Release|Any CPU
		{20D82ADF-BD37-4CE8-984B-5971DB29E9EA}.Release|Any CPU.Build.0 = Release|Any CPU
	EndGlobalSection
	GlobalSection(SolutionProperties) = preSolution
		HideSolutionNode = FALSE
	EndGlobalSection
	GlobalSection(ExtensibilityGlobals) = postSolution
		SolutionGuid = {E6506569-D779-4556-9677-35E2B600456F}
	EndGlobalSection
EndGlobal
